
Microsoft Visual Studio Solution File, Format Version 12.00
# Visual Studio Version 17
VisualStudioVersion = 17.5.33530.505
MinimumVisualStudioVersion = 10.0.40219.1
Project("{8BC9CEB8-8B4A-11D0-8D11-00A0C91BC942}") = "NEJIUTIGAME_SIV3D_2", "NEJIUTIGAME_SIV3D_2\NEJIUTIGAME_SIV3D_2.vcxproj", "{4B2172F1-0EF8-41EF-8B48-60B5073E7008}"
EndProject
Global
	GlobalSection(SolutionConfigurationPlatforms) = preSolution
		Debug|x64 = Debug|x64
		Release|x64 = Release|x64
	EndGlobalSection
	GlobalSection(ProjectConfigurationPlatforms) = postSolution
		{4B2172F1-0EF8-41EF-8B48-60B5073E7008}.Debug|x64.ActiveCfg = Debug|x64
		{4B2172F1-0EF8-41EF-8B48-60B5073E7008}.Debug|x64.Build.0 = Debug|x64
		{4B2172F1-0EF8-41EF-8B48-60B5073E7008}.Release|x64.ActiveCfg = Release|x64
		{4B2172F1-0EF8-41EF-8B48-60B5073E7008}.Release|x64.Build.0 = Release|x64
	EndGlobalSection
	GlobalSection(SolutionProperties) = preSolution
		HideSolutionNode = FALSE
	EndGlobalSection
	GlobalSection(ExtensibilityGlobals) = postSolution
		SolutionGuid = {29ED2A2B-C801-467A-AC3D-CC7F23E0E98E}
	EndGlobalSection
EndGlobal
